
Microsoft Visual Studio Solution File, Format Version 12.00
# Visual Studio Version 17
VisualStudioVersion = 17.3.32922.545
MinimumVisualStudioVersion = 10.0.40219.1
Project("{FAE04EC0-301F-11D3-BF4B-00C04F79EFBC}") = "Exercise_1", "Exercise_1\Exercise_1.csproj", "{681F56AD-C0F4-4298-935C-24A40534AF34}"
EndProject
Global
	GlobalSection(SolutionConfigurationPlatforms) = preSolution
		Debug|Any CPU = Debug|Any CPU
		Release|Any CPU = Release|Any CPU
	EndGlobalSection
	GlobalSection(ProjectConfigurationPlatforms) = postSolution
		{681F56AD-C0F4-4298-935C-24A40534AF34}.Debug|Any CPU.ActiveCfg = Debug|Any CPU
		{681F56AD-C0F4-4298-935C-24A40534AF34}.Debug|Any CPU.Build.0 = Debug|Any CPU
		{681F56AD-C0F4-4298-935C-24A40534AF34}.Release|Any CPU.ActiveCfg = Release|Any CPU
		{681F56AD-C0F4-4298-935C-24A40534AF34}.Release|Any CPU.Build.0 = Release|Any CPU
	EndGlobalSection
	GlobalSection(SolutionProperties) = preSolution
		HideSolutionNode = FALSE
	EndGlobalSection
	GlobalSection(ExtensibilityGlobals) = postSolution
		SolutionGuid = {4FF2BD2D-2840-4CFA-8AB7-19394B89730D}
	EndGlobalSection
EndGlobal
